
Microsoft Visual Studio Solution File, Format Version 12.00
# Visual Studio Version 16
VisualStudioVersion = 16.0.32510.428
MinimumVisualStudioVersion = 10.0.40219.1
Project("{8BC9CEB8-8B4A-11D0-8D11-00A0C91BC942}") = "SimpleChat", "SimpleChat.vcxproj", "{571756B3-0202-4B36-A8C8-A063A985B793}"
EndProject
Global
	GlobalSection(SolutionConfigurationPlatforms) = preSolution
		Debug|x64 = Debug|x64
		Debug|x86 = Debug|x86
		Release|x64 = Release|x64
		Release|x86 = Release|x86
	EndGlobalSection
	GlobalSection(ProjectConfigurationPlatforms) = postSolution
		{571756B3-0202-4B36-A8C8-A063A985B793}.Debug|x64.ActiveCfg = Debug|x64
		{571756B3-0202-4B36-A8C8-A063A985B793}.Debug|x64.Build.0 = Debug|x64
		{571756B3-0202-4B36-A8C8-A063A985B793}.Debug|x86.ActiveCfg = Debug|Win32
		{571756B3-0202-4B36-A8C8-A063A985B793}.Debug|x86.Build.0 = Debug|Win32
		{571756B3-0202-4B36-A8C8-A063A985B793}.Release|x64.ActiveCfg = Release|x64
		{571756B3-0202-4B36-A8C8-A063A985B793}.Release|x64.Build.0 = Release|x64
		{571756B3-0202-4B36-A8C8-A063A985B793}.Release|x86.ActiveCfg = Release|Win32
		{571756B3-0202-4B36-A8C8-A063A985B793}.Release|x86.Build.0 = Release|Win32
	EndGlobalSection
	GlobalSection(SolutionProperties) = preSolution
		HideSolutionNode = FALSE
	EndGlobalSection
	GlobalSection(ExtensibilityGlobals) = postSolution
		SolutionGuid = {2188C862-CACA-4AF8-8028-2C82B9CF1D16}
	EndGlobalSection
EndGlobal
